// !$*UTF8*$!
{
	archiveVersion = 1;
	classes = {
	};
	objectVersion = 77;
	objects = {

/* Begin PBXContainerItemProxy section */
		46A841452E4D50BB00756E13 /* PBXContainerItemProxy */ = {
			isa = PBXContainerItemProxy;
			containerPortal = 46A841262E4D50BA00756E13 /* Project object */;
			proxyType = 1;
			remoteGlobalIDString = 46A8412D2E4D50BA00756E13;
			remoteInfo = "medicine-reminder";
		};
		46A8414F2E4D50BB00756E13 /* PBXContainerItemProxy */ = {
			isa = PBXContainerItemProxy;
			containerPortal = 46A841262E4D50BA00756E13 /* Project object */;
			proxyType = 1;
			remoteGlobalIDString = 46A8412D2E4D50BA00756E13;
			remoteInfo = "medicine-reminder";
		};
/* End PBXContainerItemProxy section */

/* Begin PBXFileReference section */
		46A8412E2E4D50BA00756E13 /* medicine-reminder.app */ = {isa = PBXFileReference; explicitFileType = wrapper.application; includeInIndex = 0; path = "medicine-reminder.app"; sourceTree = BUILT_PRODUCTS_DIR; };
		46A841442E4D50BB00756E13 /* medicine-reminderTests.xctest */ = {isa = PBXFileReference; explicitFileType = wrapper.cfbundle; includeInIndex = 0; path = "medicine-reminderTests.xctest"; sourceTree = BUILT_PRODUCTS_DIR; };
		46A8414E2E4D50BB00756E13 /* medicine-reminderUITests.xctest */ = {isa = PBXFileReference; explicitFileType = wrapper.cfbundle; includeInIndex = 0; path = "medicine-reminderUITests.xctest"; sourceTree = BUILT_PRODUCTS_DIR; };
/* End PBXFileReference section */

/* Begin PBXFileSystemSynchronizedBuildFileExceptionSet section */
		46A841562E4D50BB00756E13 /* Exceptions for "medicine-reminder" folder in "medicine-reminder" target */ = {
			isa = PBXFileSystemSynchronizedBuildFileExceptionSet;
			membershipExceptions = (
				Info.plist,
			);
			target = 46A8412D2E4D50BA00756E13 /* medicine-reminder */;
		};
/* End PBXFileSystemSynchronizedBuildFileExceptionSet section */

/* Begin PBXFileSystemSynchronizedRootGroup section */
		46A841302E4D50BA00756E13 /* medicine-reminder */ = {
			isa = PBXFileSystemSynchronizedRootGroup;
			exceptions = (
				46A841562E4D50BB00756E13 /* Exceptions for "medicine-reminder" folder in "medicine-reminder" target */,
			);
			path = "medicine-reminder";
			sourceTree = "<group>";
		};
		46A841472E4D50BB00756E13 /* medicine-reminderTests */ = {
			isa = PBXFileSystemSynchronizedRootGroup;
			path = "medicine-reminderTests";
			sourceTree = "<group>";
		};
		46A841512E4D50BB00756E13 /* medicine-reminderUITests */ = {
			isa = PBXFileSystemSynchronizedRootGroup;
			path = "medicine-reminderUITests";
			sourceTree = "<group>";
		};
/* End PBXFileSystemSynchronizedRootGroup section */

/* Begin PBXFrameworksBuildPhase section */
		46A8412B2E4D50BA00756E13 /* Frameworks */ = {
			isa = PBXFrameworksBuildPhase;
			buildActionMask = 2147483647;
			files = (
			);
			runOnlyForDeploymentPostprocessing = 0;
		};
		46A841412E4D50BB00756E13 /* Frameworks */ = {
			isa = PBXFrameworksBuildPhase;
			buildActionMask = 2147483647;
			files = (
			);
			runOnlyForDeploymentPostprocessing = 0;
		};
		46A8414B2E4D50BB00756E13 /* Frameworks */ = {
			isa = PBXFrameworksBuildPhase;
			buildActionMask = 2147483647;
			files = (
			);
			runOnlyForDeploymentPostprocessing = 0;
		};
/* End PBXFrameworksBuildPhase section */

/* Begin PBXGroup section */
		46A841252E4D50BA00756E13 = {
			isa = PBXGroup;
			children = (
				46A841302E4D50BA00756E13 /* medicine-reminder */,
				46A841472E4D50BB00756E13 /* medicine-reminderTests */,
				46A841512E4D50BB00756E13 /* medicine-reminderUITests */,
				46A8412F2E4D50BA00756E13 /* Products */,
			);
			sourceTree = "<group>";
		};
		46A8412F2E4D50BA00756E13 /* Products */ = {
			isa = PBXGroup;
			children = (
				46A8412E2E4D50BA00756E13 /* medicine-reminder.app */,
				46A841442E4D50BB00756E13 /* medicine-reminderTests.xctest */,
				46A8414E2E4D50BB00756E13 /* medicine-reminderUITests.xctest */,
			);
			name = Products;
			sourceTree = "<group>";
		};
/* End PBXGroup section */

/* Begin PBXNativeTarget section */
		46A8412D2E4D50BA00756E13 /* medicine-reminder */ = {
			isa = PBXNativeTarget;
			buildConfigurationList = 46A841572E4D50BB00756E13 /* Build configuration list for PBXNativeTarget "medicine-reminder" */;
			buildPhases = (
				46A8412A2E4D50BA00756E13 /* Sources */,
				46A8412B2E4D50BA00756E13 /* Frameworks */,
				46A8412C2E4D50BA00756E13 /* Resources */,
			);
			buildRules = (
			);
			dependencies = (
			);
			fileSystemSynchronizedGroups = (
				46A841302E4D50BA00756E13 /* medicine-reminder */,
			);
			name = "medicine-reminder";
			packageProductDependencies = (
			);
			productName = "medicine-reminder";
			productReference = 46A8412E2E4D50BA00756E13 /* medicine-reminder.app */;
			productType = "com.apple.product-type.application";
		};
		46A841432E4D50BB00756E13 /* medicine-reminderTests */ = {
			isa = PBXNativeTarget;
			buildConfigurationList = 46A8415C2E4D50BB00756E13 /* Build configuration list for PBXNativeTarget "medicine-reminderTests" */;
			buildPhases = (
				46A841402E4D50BB00756E13 /* Sources */,
				46A841412E4D50BB00756E13 /* Frameworks */,
				46A841422E4D50BB00756E13 /* Resources */,
			);
			buildRules = (
			);
			dependencies = (
				46A841462E4D50BB00756E13 /* PBXTargetDependency */,
			);
			fileSystemSynchronizedGroups = (
				46A841472E4D50BB00756E13 /* medicine-reminderTests */,
			);
			name = "medicine-reminderTests";
			packageProductDependencies = (
			);
			productName = "medicine-reminderTests";
			productReference = 46A841442E4D50BB00756E13 /* medicine-reminderTests.xctest */;
			productType = "com.apple.product-type.bundle.unit-test";
		};
		46A8414D2E4D50BB00756E13 /* medicine-reminderUITests */ = {
			isa = PBXNativeTarget;
			buildConfigurationList = 46A8415F2E4D50BB00756E13 /* Build configuration list for PBXNativeTarget "medicine-reminderUITests" */;
			buildPhases = (
				46A8414A2E4D50BB00756E13 /* Sources */,
				46A8414B2E4D50BB00756E13 /* Frameworks */,
				46A8414C2E4D50BB00756E13 /* Resources */,
			);
			buildRules = (
			);
			dependencies = (
				46A841502E4D50BB00756E13 /* PBXTargetDependency */,
			);
			fileSystemSynchronizedGroups = (
				46A841512E4D50BB00756E13 /* medicine-reminderUITests */,
			);
			name = "medicine-reminderUITests";
			packageProductDependencies = (
			);
			productName = "medicine-reminderUITests";
			productReference = 46A8414E2E4D50BB00756E13 /* medicine-reminderUITests.xctest */;
			productType = "com.apple.product-type.bundle.ui-testing";
		};
/* End PBXNativeTarget section */

/* Begin PBXProject section */
		46A841262E4D50BA00756E13 /* Project object */ = {
			isa = PBXProject;
			attributes = {
				BuildIndependentTargetsInParallel = 1;
				LastSwiftUpdateCheck = 1620;
				LastUpgradeCheck = 1620;
				TargetAttributes = {
					46A8412D2E4D50BA00756E13 = {
						CreatedOnToolsVersion = 16.2;
					};
					46A841432E4D50BB00756E13 = {
						CreatedOnToolsVersion = 16.2;
						TestTargetID = 46A8412D2E4D50BA00756E13;
					};
					46A8414D2E4D50BB00756E13 = {
						CreatedOnToolsVersion = 16.2;
						TestTargetID = 46A8412D2E4D50BA00756E13;
					};
				};
			};
			buildConfigurationList = 46A841292E4D50BA00756E13 /* Build configuration list for PBXProject "medicine-reminder" */;
			developmentRegion = en;
			hasScannedForEncodings = 0;
			knownRegions = (
				en,
				Base,
			);
			mainGroup = 46A841252E4D50BA00756E13;
			minimizedProjectReferenceProxies = 1;
			preferredProjectObjectVersion = 77;
			productRefGroup = 46A8412F2E4D50BA00756E13 /* Products */;
			projectDirPath = "";
			projectRoot = "";
			targets = (
				46A8412D2E4D50BA00756E13 /* medicine-reminder */,
				46A841432E4D50BB00756E13 /* medicine-reminderTests */,
				46A8414D2E4D50BB00756E13 /* medicine-reminderUITests */,
			);
		};
/* End PBXProject section */

/* Begin PBXResourcesBuildPhase section */
		46A8412C2E4D50BA00756E13 /* Resources */ = {
			isa = PBXResourcesBuildPhase;
			buildActionMask = 2147483647;
			files = (
			);
			runOnlyForDeploymentPostprocessing = 0;
		};
		46A841422E4D50BB00756E13 /* Resources */ = {
			isa = PBXResourcesBuildPhase;
			buildActionMask = 2147483647;
			files = (
			);
			runOnlyForDeploymentPostprocessing = 0;
		};
		46A8414C2E4D50BB00756E13 /* Resources */ = {
			isa = PBXResourcesBuildPhase;
			buildActionMask = 2147483647;
			files = (
			);
			runOnlyForDeploymentPostprocessing = 0;
		};
/* End PBXResourcesBuildPhase section */

/* Begin PBXSourcesBuildPhase section */
		46A8412A2E4D50BA00756E13 /* Sources */ = {
			isa = PBXSourcesBuildPhase;
			buildActionMask = 2147483647;
			files = (
			);
			runOnlyForDeploymentPostprocessing = 0;
		};
		46A841402E4D50BB00756E13 /* Sources */ = {
			isa = PBXSourcesBuildPhase;
			buildActionMask = 2147483647;
			files = (
			);
			runOnlyForDeploymentPostprocessing = 0;
		};
		46A8414A2E4D50BB00756E13 /* Sources */ = {
			isa = PBXSourcesBuildPhase;
			buildActionMask = 2147483647;
			files = (
			);
			runOnlyForDeploymentPostprocessing = 0;
		};
/* End PBXSourcesBuildPhase section */

/* Begin PBXTargetDependency section */
		46A841462E4D50BB00756E13 /* PBXTargetDependency */ = {
			isa = PBXTargetDependency;
			target = 46A8412D2E4D50BA00756E13 /* medicine-reminder */;
			targetProxy = 46A841452E4D50BB00756E13 /* PBXContainerItemProxy */;
		};
		46A841502E4D50BB00756E13 /* PBXTargetDependency */ = {
			isa = PBXTargetDependency;
			target = 46A8412D2E4D50BA00756E13 /* medicine-reminder */;
			targetProxy = 46A8414F2E4D50BB00756E13 /* PBXContainerItemProxy */;
		};
/* End PBXTargetDependency section */

/* Begin XCBuildConfiguration section */
		46A841582E4D50BB00756E13 /* Debug */ = {
			isa = XCBuildConfiguration;
			buildSettings = {
				ASSETCATALOG_COMPILER_APPICON_NAME = AppIcon;
				ASSETCATALOG_COMPILER_GLOBAL_ACCENT_COLOR_NAME = AccentColor;
				CODE_SIGN_STYLE = Automatic;
				CURRENT_PROJECT_VERSION = 1;
				DEVELOPMENT_TEAM = 38ZV483UMD;
				GENERATE_INFOPLIST_FILE = YES;
				INFOPLIST_FILE = "medicine-reminder/Info.plist";
				INFOPLIST_KEY_UIApplicationSupportsIndirectInputEvents = YES;
				INFOPLIST_KEY_UILaunchStoryboardName = SplashViewController;
				INFOPLIST_KEY_UISupportedInterfaceOrientations_iPad = "UIInterfaceOrientationPortrait UIInterfaceOrientationPortraitUpsideDown UIInterfaceOrientationLandscapeLeft UIInterfaceOrientationLandscapeRight";
				INFOPLIST_KEY_UISupportedInterfaceOrientations_iPhone = "UIInterfaceOrientationPortrait UIInterfaceOrientationLandscapeLeft UIInterfaceOrientationLandscapeRight";
				LD_RUNPATH_SEARCH_PATHS = (
					"$(inherited)",
					"@executable_path/Frameworks",
				);
				MARKETING_VERSION = 1.0;
				PRODUCT_BUNDLE_IDENTIFIER = "fonseca.medicine-reminder";
				PRODUCT_NAME = "$(TARGET_NAME)";
				SWIFT_EMIT_LOC_STRINGS = YES;
				SWIFT_VERSION = 5.0;
				TARGETED_DEVICE_FAMILY = "1,2";
			};
			name = Debug;
		};
		46A841592E4D50BB00756E13 /* Release */ = {
			isa = XCBuildConfiguration;
			buildSettings = {
				ASSETCATALOG_COMPILER_APPICON_NAME = AppIcon;
				ASSETCATALOG_COMPILER_GLOBAL_ACCENT_COLOR_NAME = AccentColor;
				CODE_SIGN_STYLE = Automatic;
				CURRENT_PROJECT_VERSION = 1;
				DEVELOPMENT_TEAM = 38ZV483UMD;
				GENERATE_INFOPLIST_FILE = YES;
				INFOPLIST_FILE = "medicine-reminder/Info.plist";
				INFOPLIST_KEY_UIApplicationSupportsIndirectInputEvents = YES;
				INFOPLIST_KEY_UILaunchStoryboardName = SplashViewController;
				INFOPLIST_KEY_UISupportedInterfaceOrientations_iPad = "UIInterfaceOrientationPortrait UIInterfaceOrientationPortraitUpsideDown UIInterfaceOrientationLandscapeLeft UIInterfaceOrientationLandscapeRight";
				INFOPLIST_KEY_UISupportedInterfaceOrientations_iPhone = "UIInterfaceOrientationPortrait UIInterfaceOrientationLandscapeLeft UIInterfaceOrientationLandscapeRight";
				LD_RUNPATH_SEARCH_PATHS = (
					"$(inherited)",
					"@executable_path/Frameworks",
				);
				MARKETING_VERSION = 1.0;
				PRODUCT_BUNDLE_IDENTIFIER = "fonseca.medicine-reminder";
				PRODUCT_NAME = "$(TARGET_NAME)";
				SWIFT_EMIT_LOC_STRINGS = YES;
				SWIFT_VERSION = 5.0;
				TARGETED_DEVICE_FAMILY = "1,2";
			};
			name = Release;
		};
		46A8415A2E4D50BB00756E13 /* Debug */ = {
			isa = XCBuildConfiguration;
			buildSettings = {
				ALWAYS_SEARCH_USER_PATHS = NO;
				ASSETCATALOG_COMPILER_GENERATE_SWIFT_ASSET_SYMBOL_EXTENSIONS = YES;
				CLANG_ANALYZER_NONNULL = YES;
				CLANG_ANALYZER_NUMBER_OBJECT_CONVERSION = YES_AGGRESSIVE;
				CLANG_CXX_LANGUAGE_STANDARD = "gnu++20";
				CLANG_ENABLE_MODULES = YES;
				CLANG_ENABLE_OBJC_ARC = YES;
				CLANG_ENABLE_OBJC_WEAK = YES;
				CLANG_WARN_BLOCK_CAPTURE_AUTORELEASING = YES;
				CLANG_WARN_BOOL_CONVERSION = YES;
				CLANG_WARN_COMMA = YES;
				CLANG_WARN_CONSTANT_CONVERSION = YES;
				CLANG_WARN_DEPRECATED_OBJC_IMPLEMENTATIONS = YES;
				CLANG_WARN_DIRECT_OBJC_ISA_USAGE = YES_ERROR;
				CLANG_WARN_DOCUMENTATION_COMMENTS = YES;
				CLANG_WARN_EMPTY_BODY = YES;
				CLANG_WARN_ENUM_CONVERSION = YES;
				CLANG_WARN_INFINITE_RECURSION = YES;
				CLANG_WARN_INT_CONVERSION = YES;
				CLANG_WARN_NON_LITERAL_NULL_CONVERSION = YES;
				CLANG_WARN_OBJC_IMPLICIT_RETAIN_SELF = YES;
				CLANG_WARN_OBJC_LITERAL_CONVERSION = YES;
				CLANG_WARN_OBJC_ROOT_CLASS = YES_ERROR;
				CLANG_WARN_QUOTED_INCLUDE_IN_FRAMEWORK_HEADER = YES;
				CLANG_WARN_RANGE_LOOP_ANALYSIS = YES;
				CLANG_WARN_STRICT_PROTOTYPES = YES;
				CLANG_WARN_SUSPICIOUS_MOVE = YES;
				CLANG_WARN_UNGUARDED_AVAILABILITY = YES_AGGRESSIVE;
				CLANG_WARN_UNREACHABLE_CODE = YES;
				CLANG_WARN__DUPLICATE_METHOD_MATCH = YES;
				COPY_PHASE_STRIP = NO;
				DEBUG_INFORMATION_FORMAT = dwarf;
				ENABLE_STRICT_OBJC_MSGSEND = YES;
				ENABLE_TESTABILITY = YES;
				ENABLE_USER_SCRIPT_SANDBOXING = YES;
				GCC_C_LANGUAGE_STANDARD = gnu17;
				GCC_DYNAMIC_NO_PIC = NO;
				GCC_NO_COMMON_BLOCKS = YES;
				GCC_OPTIMIZATION_LEVEL = 0;
				GCC_PREPROCESSOR_DEFINITIONS = (
					"DEBUG=1",
					"$(inherited)",
				);
				GCC_WARN_64_TO_32_BIT_CONVERSION = YES;
				GCC_WARN_ABOUT_RETURN_TYPE = YES_ERROR;
				GCC_WARN_UNDECLARED_SELECTOR = YES;
				GCC_WARN_UNINITIALIZED_AUTOS = YES_AGGRESSIVE;
				GCC_WARN_UNUSED_FUNCTION = YES;
				GCC_WARN_UNUSED_VARIABLE = YES;
				IPHONEOS_DEPLOYMENT_TARGET = 18.2;
				LOCALIZATION_PREFERS_STRING_CATALOGS = YES;
				MTL_ENABLE_DEBUG_INFO = INCLUDE_SOURCE;
				MTL_FAST_MATH = YES;
				ONLY_ACTIVE_ARCH = YES;
				SDKROOT = iphoneos;
				SWIFT_ACTIVE_COMPILATION_CONDITIONS = "DEBUG $(inherited)";
				SWIFT_OPTIMIZATION_LEVEL = "-Onone";
			};
			name = Debug;
		};
		46A8415B2E4D50BB00756E13 /* Release */ = {
			isa = XCBuildConfiguration;
			buildSettings = {
				ALWAYS_SEARCH_USER_PATHS = NO;
				ASSETCATALOG_COMPILER_GENERATE_SWIFT_ASSET_SYMBOL_EXTENSIONS = YES;
				CLANG_ANALYZER_NONNULL = YES;
				CLANG_ANALYZER_NUMBER_OBJECT_CONVERSION = YES_AGGRESSIVE;
				CLANG_CXX_LANGUAGE_STANDARD = "gnu++20";
				CLANG_ENABLE_MODULES = YES;
				CLANG_ENABLE_OBJC_ARC = YES;
				CLANG_ENABLE_OBJC_WEAK = YES;
				CLANG_WARN_BLOCK_CAPTURE_AUTORELEASING = YES;
				CLANG_WARN_BOOL_CONVERSION = YES;
				CLANG_WARN_COMMA = YES;
				CLANG_WARN_CONSTANT_CONVERSION = YES;
				CLANG_WARN_DEPRECATED_OBJC_IMPLEMENTATIONS = YES;
				CLANG_WARN_DIRECT_OBJC_ISA_USAGE = YES_ERROR;
				CLANG_WARN_DOCUMENTATION_COMMENTS = YES;
				CLANG_WARN_EMPTY_BODY = YES;
				CLANG_WARN_ENUM_CONVERSION = YES;
				CLANG_WARN_INFINITE_RECURSION = YES;
				CLANG_WARN_INT_CONVERSION = YES;
				CLANG_WARN_NON_LITERAL_NULL_CONVERSION = YES;
				CLANG_WARN_OBJC_IMPLICIT_RETAIN_SELF = YES;
				CLANG_WARN_OBJC_LITERAL_CONVERSION = YES;
				CLANG_WARN_OBJC_ROOT_CLASS = YES_ERROR;
				CLANG_WARN_QUOTED_INCLUDE_IN_FRAMEWORK_HEADER = YES;
				CLANG_WARN_RANGE_LOOP_ANALYSIS = YES;
				CLANG_WARN_STRICT_PROTOTYPES = YES;
				CLANG_WARN_SUSPICIOUS_MOVE = YES;
				CLANG_WARN_UNGUARDED_AVAILABILITY = YES_AGGRESSIVE;
				CLANG_WARN_UNREACHABLE_CODE = YES;
				CLANG_WARN__DUPLICATE_METHOD_MATCH = YES;
				COPY_PHASE_STRIP = NO;
				DEBUG_INFORMATION_FORMAT = "dwarf-with-dsym";
				ENABLE_NS_ASSERTIONS = NO;
				ENABLE_STRICT_OBJC_MSGSEND = YES;
				ENABLE_USER_SCRIPT_SANDBOXING = YES;
				GCC_C_LANGUAGE_STANDARD = gnu17;
				GCC_NO_COMMON_BLOCKS = YES;
				GCC_WARN_64_TO_32_BIT_CONVERSION = YES;
				GCC_WARN_ABOUT_RETURN_TYPE = YES_ERROR;
				GCC_WARN_UNDECLARED_SELECTOR = YES;
				GCC_WARN_UNINITIALIZED_AUTOS = YES_AGGRESSIVE;
				GCC_WARN_UNUSED_FUNCTION = YES;
				GCC_WARN_UNUSED_VARIABLE = YES;
				IPHONEOS_DEPLOYMENT_TARGET = 18.2;
				LOCALIZATION_PREFERS_STRING_CATALOGS = YES;
				MTL_ENABLE_DEBUG_INFO = NO;
				MTL_FAST_MATH = YES;
				SDKROOT = iphoneos;
				SWIFT_COMPILATION_MODE = wholemodule;
				VALIDATE_PRODUCT = YES;
			};
			name = Release;
		};
		46A8415D2E4D50BB00756E13 /* Debug */ = {
			isa = XCBuildConfiguration;
			buildSettings = {
				BUNDLE_LOADER = "$(TEST_HOST)";
				CODE_SIGN_STYLE = Automatic;
				CURRENT_PROJECT_VERSION = 1;
				GENERATE_INFOPLIST_FILE = YES;
				IPHONEOS_DEPLOYMENT_TARGET = 18.2;
				MARKETING_VERSION = 1.0;
				PRODUCT_BUNDLE_IDENTIFIER = "fonseca.medicine-reminderTests";
				PRODUCT_NAME = "$(TARGET_NAME)";
				SWIFT_EMIT_LOC_STRINGS = NO;
				SWIFT_VERSION = 5.0;
				TARGETED_DEVICE_FAMILY = "1,2";
				TEST_HOST = "$(BUILT_PRODUCTS_DIR)/medicine-reminder.app/$(BUNDLE_EXECUTABLE_FOLDER_PATH)/medicine-reminder";
			};
			name = Debug;
		};
		46A8415E2E4D50BB00756E13 /* Release */ = {
			isa = XCBuildConfiguration;
			buildSettings = {
				BUNDLE_LOADER = "$(TEST_HOST)";
				CODE_SIGN_STYLE = Automatic;
				CURRENT_PROJECT_VERSION = 1;
				GENERATE_INFOPLIST_FILE = YES;
				IPHONEOS_DEPLOYMENT_TARGET = 18.2;
				MARKETING_VERSION = 1.0;
				PRODUCT_BUNDLE_IDENTIFIER = "fonseca.medicine-reminderTests";
				PRODUCT_NAME = "$(TARGET_NAME)";
				SWIFT_EMIT_LOC_STRINGS = NO;
				SWIFT_VERSION = 5.0;
				TARGETED_DEVICE_FAMILY = "1,2";
				TEST_HOST = "$(BUILT_PRODUCTS_DIR)/medicine-reminder.app/$(BUNDLE_EXECUTABLE_FOLDER_PATH)/medicine-reminder";
			};
			name = Release;
		};
		46A841602E4D50BB00756E13 /* Debug */ = {
			isa = XCBuildConfiguration;
			buildSettings = {
				CODE_SIGN_STYLE = Automatic;
				CURRENT_PROJECT_VERSION = 1;
				GENERATE_INFOPLIST_FILE = YES;
				MARKETING_VERSION = 1.0;
				PRODUCT_BUNDLE_IDENTIFIER = "fonseca.medicine-reminderUITests";
				PRODUCT_NAME = "$(TARGET_NAME)";
				SWIFT_EMIT_LOC_STRINGS = NO;
				SWIFT_VERSION = 5.0;
				TARGETED_DEVICE_FAMILY = "1,2";
				TEST_TARGET_NAME = "medicine-reminder";
			};
			name = Debug;
		};
		46A841612E4D50BB00756E13 /* Release */ = {
			isa = XCBuildConfiguration;
			buildSettings = {
				CODE_SIGN_STYLE = Automatic;
				CURRENT_PROJECT_VERSION = 1;
				GENERATE_INFOPLIST_FILE = YES;
				MARKETING_VERSION = 1.0;
				PRODUCT_BUNDLE_IDENTIFIER = "fonseca.medicine-reminderUITests";
				PRODUCT_NAME = "$(TARGET_NAME)";
				SWIFT_EMIT_LOC_STRINGS = NO;
				SWIFT_VERSION = 5.0;
				TARGETED_DEVICE_FAMILY = "1,2";
				TEST_TARGET_NAME = "medicine-reminder";
			};
			name = Release;
		};
/* End XCBuildConfiguration section */

/* Begin XCConfigurationList section */
		46A841292E4D50BA00756E13 /* Build configuration list for PBXProject "medicine-reminder" */ = {
			isa = XCConfigurationList;
			buildConfigurations = (
				46A8415A2E4D50BB00756E13 /* Debug */,
				46A8415B2E4D50BB00756E13 /* Release */,
			);
			defaultConfigurationIsVisible = 0;
			defaultConfigurationName = Release;
		};
		46A841572E4D50BB00756E13 /* Build configuration list for PBXNativeTarget "medicine-reminder" */ = {
			isa = XCConfigurationList;
			buildConfigurations = (
				46A841582E4D50BB00756E13 /* Debug */,
				46A841592E4D50BB00756E13 /* Release */,
			);
			defaultConfigurationIsVisible = 0;
			defaultConfigurationName = Release;
		};
		46A8415C2E4D50BB00756E13 /* Build configuration list for PBXNativeTarget "medicine-reminderTests" */ = {
			isa = XCConfigurationList;
			buildConfigurations = (
				46A8415D2E4D50BB00756E13 /* Debug */,
				46A8415E2E4D50BB00756E13 /* Release */,
			);
			defaultConfigurationIsVisible = 0;
			defaultConfigurationName = Release;
		};
		46A8415F2E4D50BB00756E13 /* Build configuration list for PBXNativeTarget "medicine-reminderUITests" */ = {
			isa = XCConfigurationList;
			buildConfigurations = (
				46A841602E4D50BB00756E13 /* Debug */,
				46A841612E4D50BB00756E13 /* Release */,
			);
			defaultConfigurationIsVisible = 0;
			defaultConfigurationName = Release;
		};
/* End XCConfigurationList section */
	};
	rootObject = 46A841262E4D50BA00756E13 /* Project object */;
}
